
Microsoft Visual Studio Solution File, Format Version 12.00
# Visual Studio Version 17
VisualStudioVersion = 17.8.34316.72
MinimumVisualStudioVersion = 10.0.40219.1
Project("{9A19103F-16F7-4668-BE54-9A1E7A4F7556}") = "PrimaryConstructorAnalyzer", "PrimaryConstructorAnalyzer\PrimaryConstructorAnalyzer.csproj", "{44A1EDC9-2BDA-42F0-BE9A-8E226B75E53B}"
EndProject
Project("{9A19103F-16F7-4668-BE54-9A1E7A4F7556}") = "PrimaryConstructorAnalyzer.Package", "PrimaryConstructorAnalyzer.Package\PrimaryConstructorAnalyzer.Package.csproj", "{8B06592C-6B91-4789-9CFC-89324BD8CDCA}"
EndProject
Project("{9A19103F-16F7-4668-BE54-9A1E7A4F7556}") = "PrimaryConstructorAnalyzer.Test", "PrimaryConstructorAnalyzer.Test\PrimaryConstructorAnalyzer.Test.csproj", "{D8DDE518-6CDD-4B26-81AC-C063608F1576}"
EndProject
Project("{9A19103F-16F7-4668-BE54-9A1E7A4F7556}") = "PrimaryConstructorAnalyzer.Vsix", "PrimaryConstructorAnalyzer.Vsix\PrimaryConstructorAnalyzer.Vsix.csproj", "{6B2B5775-574C-437E-B531-4DE55E036C93}"
EndProject
Global
	GlobalSection(SolutionConfigurationPlatforms) = preSolution
		Debug|Any CPU = Debug|Any CPU
		Release|Any CPU = Release|Any CPU
	EndGlobalSection
	GlobalSection(ProjectConfigurationPlatforms) = postSolution
		{44A1EDC9-2BDA-42F0-BE9A-8E226B75E53B}.Debug|Any CPU.ActiveCfg = Debug|Any CPU
		{44A1EDC9-2BDA-42F0-BE9A-8E226B75E53B}.Debug|Any CPU.Build.0 = Debug|Any CPU
		{44A1EDC9-2BDA-42F0-BE9A-8E226B75E53B}.Release|Any CPU.ActiveCfg = Release|Any CPU
		{44A1EDC9-2BDA-42F0-BE9A-8E226B75E53B}.Release|Any CPU.Build.0 = Release|Any CPU
		{8B06592C-6B91-4789-9CFC-89324BD8CDCA}.Debug|Any CPU.ActiveCfg = Debug|Any CPU
		{8B06592C-6B91-4789-9CFC-89324BD8CDCA}.Debug|Any CPU.Build.0 = Debug|Any CPU
		{8B06592C-6B91-4789-9CFC-89324BD8CDCA}.Release|Any CPU.ActiveCfg = Release|Any CPU
		{8B06592C-6B91-4789-9CFC-89324BD8CDCA}.Release|Any CPU.Build.0 = Release|Any CPU
		{D8DDE518-6CDD-4B26-81AC-C063608F1576}.Debug|Any CPU.ActiveCfg = Debug|Any CPU
		{D8DDE518-6CDD-4B26-81AC-C063608F1576}.Debug|Any CPU.Build.0 = Debug|Any CPU
		{D8DDE518-6CDD-4B26-81AC-C063608F1576}.Release|Any CPU.ActiveCfg = Release|Any CPU
		{D8DDE518-6CDD-4B26-81AC-C063608F1576}.Release|Any CPU.Build.0 = Release|Any CPU
		{6B2B5775-574C-437E-B531-4DE55E036C93}.Debug|Any CPU.ActiveCfg = Debug|Any CPU
		{6B2B5775-574C-437E-B531-4DE55E036C93}.Debug|Any CPU.Build.0 = Debug|Any CPU
		{6B2B5775-574C-437E-B531-4DE55E036C93}.Release|Any CPU.ActiveCfg = Release|Any CPU
		{6B2B5775-574C-437E-B531-4DE55E036C93}.Release|Any CPU.Build.0 = Release|Any CPU
	EndGlobalSection
	GlobalSection(SolutionProperties) = preSolution
		HideSolutionNode = FALSE
	EndGlobalSection
	GlobalSection(ExtensibilityGlobals) = postSolution
		SolutionGuid = {80CB7F34-5751-4C56-B3C7-7CB6A4E30620}
	EndGlobalSection
EndGlobal
